
Microsoft Visual Studio Solution File, Format Version 12.00
# Visual Studio 15
VisualStudioVersion = 15.0.27428.1
MinimumVisualStudioVersion = 10.0.40219.1
Project("{FAE04EC0-301F-11D3-BF4B-00C04F79EFBC}") = "pascal_ast_stmts", "pascal_ast_stmts\pascal_ast_stmts.csproj", "{294CA000-5175-47F8-9E1D-41D9E128FA8D}"
EndProject
Global
	GlobalSection(SolutionConfigurationPlatforms) = preSolution
		Debug|Any CPU = Debug|Any CPU
		Release|Any CPU = Release|Any CPU
	EndGlobalSection
	GlobalSection(ProjectConfigurationPlatforms) = postSolution
		{294CA000-5175-47F8-9E1D-41D9E128FA8D}.Debug|Any CPU.ActiveCfg = Debug|Any CPU
		{294CA000-5175-47F8-9E1D-41D9E128FA8D}.Debug|Any CPU.Build.0 = Debug|Any CPU
		{294CA000-5175-47F8-9E1D-41D9E128FA8D}.Release|Any CPU.ActiveCfg = Release|Any CPU
		{294CA000-5175-47F8-9E1D-41D9E128FA8D}.Release|Any CPU.Build.0 = Release|Any CPU
	EndGlobalSection
	GlobalSection(SolutionProperties) = preSolution
		HideSolutionNode = FALSE
	EndGlobalSection
	GlobalSection(ExtensibilityGlobals) = postSolution
		SolutionGuid = {192F913D-76C6-493C-A1A3-4960553ACFA3}
	EndGlobalSection
EndGlobal
