
Microsoft Visual Studio Solution File, Format Version 12.00
# Visual Studio 15
VisualStudioVersion = 15.0.27130.2036
MinimumVisualStudioVersion = 10.0.40219.1
Project("{FAE04EC0-301F-11D3-BF4B-00C04F79EFBC}") = "simple_pascal_parens", "simple_pascal_parens\simple_pascal_parens.csproj", "{4789EAB6-FE32-418F-BB69-9A9A49D47DF5}"
EndProject
Global
	GlobalSection(SolutionConfigurationPlatforms) = preSolution
		Debug|Any CPU = Debug|Any CPU
		Release|Any CPU = Release|Any CPU
	EndGlobalSection
	GlobalSection(ProjectConfigurationPlatforms) = postSolution
		{4789EAB6-FE32-418F-BB69-9A9A49D47DF5}.Debug|Any CPU.ActiveCfg = Debug|Any CPU
		{4789EAB6-FE32-418F-BB69-9A9A49D47DF5}.Debug|Any CPU.Build.0 = Debug|Any CPU
		{4789EAB6-FE32-418F-BB69-9A9A49D47DF5}.Release|Any CPU.ActiveCfg = Release|Any CPU
		{4789EAB6-FE32-418F-BB69-9A9A49D47DF5}.Release|Any CPU.Build.0 = Release|Any CPU
	EndGlobalSection
	GlobalSection(SolutionProperties) = preSolution
		HideSolutionNode = FALSE
	EndGlobalSection
	GlobalSection(ExtensibilityGlobals) = postSolution
		SolutionGuid = {B3AEF04E-479B-4CE2-A3EB-65D02C76CBFB}
	EndGlobalSection
EndGlobal
