
Microsoft Visual Studio Solution File, Format Version 12.00
# Visual Studio 15
VisualStudioVersion = 15.0.27130.2036
MinimumVisualStudioVersion = 10.0.40219.1
Project("{FAE04EC0-301F-11D3-BF4B-00C04F79EFBC}") = "simple_pascal_handling_whitespace", "simple_pascal_handling_whitespace\simple_pascal_handling_whitespace.csproj", "{C27F533C-C21D-40DC-BDB0-BBDF1C32E0D0}"
EndProject
Global
	GlobalSection(SolutionConfigurationPlatforms) = preSolution
		Debug|Any CPU = Debug|Any CPU
		Release|Any CPU = Release|Any CPU
	EndGlobalSection
	GlobalSection(ProjectConfigurationPlatforms) = postSolution
		{C27F533C-C21D-40DC-BDB0-BBDF1C32E0D0}.Debug|Any CPU.ActiveCfg = Debug|Any CPU
		{C27F533C-C21D-40DC-BDB0-BBDF1C32E0D0}.Debug|Any CPU.Build.0 = Debug|Any CPU
		{C27F533C-C21D-40DC-BDB0-BBDF1C32E0D0}.Release|Any CPU.ActiveCfg = Release|Any CPU
		{C27F533C-C21D-40DC-BDB0-BBDF1C32E0D0}.Release|Any CPU.Build.0 = Release|Any CPU
	EndGlobalSection
	GlobalSection(SolutionProperties) = preSolution
		HideSolutionNode = FALSE
	EndGlobalSection
	GlobalSection(ExtensibilityGlobals) = postSolution
		SolutionGuid = {CDA13D17-BFED-4BBE-A0F0-195807070D8D}
	EndGlobalSection
EndGlobal
